
Microsoft Visual Studio Solution File, Format Version 12.00
# Visual Studio Version 17
VisualStudioVersion = 17.9.34902.65
MinimumVisualStudioVersion = 10.0.40219.1
Project("{9A19103F-16F7-4668-BE54-9A1E7A4F7556}") = "ImportExport.DAL", "ImportExport.DAL\ImportExport.DAL.csproj", "{A5B6F61B-A299-4E06-9BE1-C42ABA7A990B}"
EndProject
Project("{9A19103F-16F7-4668-BE54-9A1E7A4F7556}") = "ImportExport.Model", "ImportExport.Model\ImportExport.Model.csproj", "{99A556EC-9002-4A7F-A149-FF1F415A42AF}"
EndProject
Project("{9A19103F-16F7-4668-BE54-9A1E7A4F7556}") = "ImportExport.Web", "ImportExport.Web\ImportExport.Web.csproj", "{F0349676-EB95-4982-A4F6-2BD20A462725}"
EndProject
Global
	GlobalSection(SolutionConfigurationPlatforms) = preSolution
		Debug|Any CPU = Debug|Any CPU
		Release|Any CPU = Release|Any CPU
	EndGlobalSection
	GlobalSection(ProjectConfigurationPlatforms) = postSolution
		{A5B6F61B-A299-4E06-9BE1-C42ABA7A990B}.Debug|Any CPU.ActiveCfg = Debug|Any CPU
		{A5B6F61B-A299-4E06-9BE1-C42ABA7A990B}.Debug|Any CPU.Build.0 = Debug|Any CPU
		{A5B6F61B-A299-4E06-9BE1-C42ABA7A990B}.Release|Any CPU.ActiveCfg = Release|Any CPU
		{A5B6F61B-A299-4E06-9BE1-C42ABA7A990B}.Release|Any CPU.Build.0 = Release|Any CPU
		{99A556EC-9002-4A7F-A149-FF1F415A42AF}.Debug|Any CPU.ActiveCfg = Debug|Any CPU
		{99A556EC-9002-4A7F-A149-FF1F415A42AF}.Debug|Any CPU.Build.0 = Debug|Any CPU
		{99A556EC-9002-4A7F-A149-FF1F415A42AF}.Release|Any CPU.ActiveCfg = Release|Any CPU
		{99A556EC-9002-4A7F-A149-FF1F415A42AF}.Release|Any CPU.Build.0 = Release|Any CPU
		{F0349676-EB95-4982-A4F6-2BD20A462725}.Debug|Any CPU.ActiveCfg = Debug|Any CPU
		{F0349676-EB95-4982-A4F6-2BD20A462725}.Debug|Any CPU.Build.0 = Debug|Any CPU
		{F0349676-EB95-4982-A4F6-2BD20A462725}.Release|Any CPU.ActiveCfg = Release|Any CPU
		{F0349676-EB95-4982-A4F6-2BD20A462725}.Release|Any CPU.Build.0 = Release|Any CPU
	EndGlobalSection
	GlobalSection(SolutionProperties) = preSolution
		HideSolutionNode = FALSE
	EndGlobalSection
	GlobalSection(ExtensibilityGlobals) = postSolution
		SolutionGuid = {CA5D59C1-BEF0-4C72-8AD5-9A32FB080EA9}
	EndGlobalSection
EndGlobal
